
Microsoft Visual Studio Solution File, Format Version 12.00
# Visual Studio Version 17
VisualStudioVersion = 17.10.35004.147
MinimumVisualStudioVersion = 10.0.40219.1
Project("{FAE04EC0-301F-11D3-BF4B-00C04F79EFBC}") = "blackjack", "blackjack\blackjack.csproj", "{FA24E263-BF04-4BAA-AC98-F2B3ABAFE8BF}"
EndProject
Global
	GlobalSection(SolutionConfigurationPlatforms) = preSolution
		Debug|Any CPU = Debug|Any CPU
		Release|Any CPU = Release|Any CPU
	EndGlobalSection
	GlobalSection(ProjectConfigurationPlatforms) = postSolution
		{FA24E263-BF04-4BAA-AC98-F2B3ABAFE8BF}.Debug|Any CPU.ActiveCfg = Debug|Any CPU
		{FA24E263-BF04-4BAA-AC98-F2B3ABAFE8BF}.Debug|Any CPU.Build.0 = Debug|Any CPU
		{FA24E263-BF04-4BAA-AC98-F2B3ABAFE8BF}.Release|Any CPU.ActiveCfg = Release|Any CPU
		{FA24E263-BF04-4BAA-AC98-F2B3ABAFE8BF}.Release|Any CPU.Build.0 = Release|Any CPU
	EndGlobalSection
	GlobalSection(SolutionProperties) = preSolution
		HideSolutionNode = FALSE
	EndGlobalSection
	GlobalSection(ExtensibilityGlobals) = postSolution
		SolutionGuid = {A032EB49-D2D5-4BD4-B34E-70452953F52D}
	EndGlobalSection
EndGlobal
